
Microsoft Visual Studio Solution File, Format Version 12.00
# Visual Studio Version 16
VisualStudioVersion = 16.0.30413.136
MinimumVisualStudioVersion = 10.0.40219.1
Project("{FAE04EC0-301F-11D3-BF4B-00C04F79EFBC}") = "CS lab1", "CS lab1.csproj", "{26705E33-5EBF-47E6-B35A-15D8976F8AD5}"
EndProject
Global
	GlobalSection(SolutionConfigurationPlatforms) = preSolution
		Debug|Any CPU = Debug|Any CPU
		Release|Any CPU = Release|Any CPU
	EndGlobalSection
	GlobalSection(ProjectConfigurationPlatforms) = postSolution
		{26705E33-5EBF-47E6-B35A-15D8976F8AD5}.Debug|Any CPU.ActiveCfg = Debug|Any CPU
		{26705E33-5EBF-47E6-B35A-15D8976F8AD5}.Debug|Any CPU.Build.0 = Debug|Any CPU
		{26705E33-5EBF-47E6-B35A-15D8976F8AD5}.Release|Any CPU.ActiveCfg = Release|Any CPU
		{26705E33-5EBF-47E6-B35A-15D8976F8AD5}.Release|Any CPU.Build.0 = Release|Any CPU
	EndGlobalSection
	GlobalSection(SolutionProperties) = preSolution
		HideSolutionNode = FALSE
	EndGlobalSection
	GlobalSection(ExtensibilityGlobals) = postSolution
		SolutionGuid = {B99C5DDA-9B51-4483-AF06-02ECF89F379A}
	EndGlobalSection
EndGlobal
