
Microsoft Visual Studio Solution File, Format Version 12.00
# Visual Studio Version 16
VisualStudioVersion = 16.0.30413.136
MinimumVisualStudioVersion = 10.0.40219.1
Project("{FAE04EC0-301F-11D3-BF4B-00C04F79EFBC}") = "FTPFileWatcher", "FTPFileWatcher.csproj", "{66F8A82D-899F-4EF7-9E3E-CC303A7212F6}"
EndProject
Global
	GlobalSection(SolutionConfigurationPlatforms) = preSolution
		Debug|Any CPU = Debug|Any CPU
		Release|Any CPU = Release|Any CPU
	EndGlobalSection
	GlobalSection(ProjectConfigurationPlatforms) = postSolution
		{66F8A82D-899F-4EF7-9E3E-CC303A7212F6}.Debug|Any CPU.ActiveCfg = Debug|Any CPU
		{66F8A82D-899F-4EF7-9E3E-CC303A7212F6}.Debug|Any CPU.Build.0 = Debug|Any CPU
		{66F8A82D-899F-4EF7-9E3E-CC303A7212F6}.Release|Any CPU.ActiveCfg = Release|Any CPU
		{66F8A82D-899F-4EF7-9E3E-CC303A7212F6}.Release|Any CPU.Build.0 = Release|Any CPU
	EndGlobalSection
	GlobalSection(SolutionProperties) = preSolution
		HideSolutionNode = FALSE
	EndGlobalSection
	GlobalSection(ExtensibilityGlobals) = postSolution
		SolutionGuid = {226345E5-8F21-4E05-AFA3-474A1F9E8FF4}
	EndGlobalSection
EndGlobal
